// !$*UTF8*$!
{
	archiveVersion = 1;
	classes = {
	};
	objectVersion = 46;
	objects = {

/* Begin PBXBuildFile section */
		61D9266F169DA516004A856D /* ConnectionVO.m in Sources */ = {isa = PBXBuildFile; fileRef = 61D9266E169DA516004A856D /* ConnectionVO.m */; };
		61D9267B169FEB85004A856D /* FieldVO.m in Sources */ = {isa = PBXBuildFile; fileRef = 61D9267A169FEB84004A856D /* FieldVO.m */; };
		61D9267F169FEDD9004A856D /* SourceVO.m in Sources */ = {isa = PBXBuildFile; fileRef = 61D9267E169FEDD9004A856D /* SourceVO.m */; };
		61D9268216A01587004A856D /* DataCell.m in Sources */ = {isa = PBXBuildFile; fileRef = 61D9268116A01586004A856D /* DataCell.m */; };
		FB9ABA34169C247200CE14F4 /* UIKit.framework in Frameworks */ = {isa = PBXBuildFile; fileRef = FB9ABA33169C247200CE14F4 /* UIKit.framework */; };
		FB9ABA36169C247200CE14F4 /* Foundation.framework in Frameworks */ = {isa = PBXBuildFile; fileRef = FB9ABA35169C247200CE14F4 /* Foundation.framework */; };
		FB9ABA38169C247200CE14F4 /* CoreGraphics.framework in Frameworks */ = {isa = PBXBuildFile; fileRef = FB9ABA37169C247200CE14F4 /* CoreGraphics.framework */; };
		FB9ABA3E169C247200CE14F4 /* InfoPlist.strings in Resources */ = {isa = PBXBuildFile; fileRef = FB9ABA3C169C247200CE14F4 /* InfoPlist.strings */; };
		FB9ABA40169C247200CE14F4 /* main.m in Sources */ = {isa = PBXBuildFile; fileRef = FB9ABA3F169C247200CE14F4 /* main.m */; };
		FB9ABA44169C247200CE14F4 /* DemoAppAppDelegate.m in Sources */ = {isa = PBXBuildFile; fileRef = FB9ABA43169C247200CE14F4 /* DemoAppAppDelegate.m */; };
		FB9ABA46169C247200CE14F4 /* Default.png in Resources */ = {isa = PBXBuildFile; fileRef = FB9ABA45169C247200CE14F4 /* Default.png */; };
		FB9ABA48169C247200CE14F4 /* Default@2x.png in Resources */ = {isa = PBXBuildFile; fileRef = FB9ABA47169C247200CE14F4 /* Default@2x.png */; };
		FB9ABA4A169C247200CE14F4 /* Default-568h@2x.png in Resources */ = {isa = PBXBuildFile; fileRef = FB9ABA49169C247200CE14F4 /* Default-568h@2x.png */; };
		FB9ABA4D169C247200CE14F4 /* DemoAppViewController.m in Sources */ = {isa = PBXBuildFile; fileRef = FB9ABA4C169C247200CE14F4 /* DemoAppViewController.m */; };
		FB9ABA50169C247200CE14F4 /* DemoAppViewController.xib in Resources */ = {isa = PBXBuildFile; fileRef = FB9ABA4E169C247200CE14F4 /* DemoAppViewController.xib */; };
		FB9ABA58169C32C000CE14F4 /* CanvasView.m in Sources */ = {isa = PBXBuildFile; fileRef = FB9ABA57169C32C000CE14F4 /* CanvasView.m */; };
		FB9ABA5C169C35F600CE14F4 /* SourcesTable.m in Sources */ = {isa = PBXBuildFile; fileRef = FB9ABA5A169C35F600CE14F4 /* SourcesTable.m */; };
		FB9ABA5D169C35F600CE14F4 /* SourcesTable.xib in Resources */ = {isa = PBXBuildFile; fileRef = FB9ABA5B169C35F600CE14F4 /* SourcesTable.xib */; };
		FB9ABA61169C362100CE14F4 /* FieldsTable.m in Sources */ = {isa = PBXBuildFile; fileRef = FB9ABA5F169C362000CE14F4 /* FieldsTable.m */; };
		FB9ABA62169C362100CE14F4 /* FieldsTable.xib in Resources */ = {isa = PBXBuildFile; fileRef = FB9ABA60169C362000CE14F4 /* FieldsTable.xib */; };
		FBB1BBE2169D620500AFFAE7 /* LineVO.m in Sources */ = {isa = PBXBuildFile; fileRef = FBB1BBE1169D620500AFFAE7 /* LineVO.m */; };
		FBB1BC2416A4324100AFFAE7 /* round_delete.png in Resources */ = {isa = PBXBuildFile; fileRef = FBB1BC2316A4324000AFFAE7 /* round_delete.png */; };
		FBB1BC2E16A43B1D00AFFAE7 /* QuartzCore.framework in Frameworks */ = {isa = PBXBuildFile; fileRef = FBB1BC2D16A43B1D00AFFAE7 /* QuartzCore.framework */; };
/* End PBXBuildFile section */

/* Begin PBXFileReference section */
		61D9266D169DA516004A856D /* ConnectionVO.h */ = {isa = PBXFileReference; fileEncoding = 4; lastKnownFileType = sourcecode.c.h; path = ConnectionVO.h; sourceTree = "<group>"; };
		61D9266E169DA516004A856D /* ConnectionVO.m */ = {isa = PBXFileReference; fileEncoding = 4; lastKnownFileType = sourcecode.c.objc; path = ConnectionVO.m; sourceTree = "<group>"; };
		61D92679169FEB84004A856D /* FieldVO.h */ = {isa = PBXFileReference; fileEncoding = 4; lastKnownFileType = sourcecode.c.h; path = FieldVO.h; sourceTree = "<group>"; };
		61D9267A169FEB84004A856D /* FieldVO.m */ = {isa = PBXFileReference; fileEncoding = 4; lastKnownFileType = sourcecode.c.objc; path = FieldVO.m; sourceTree = "<group>"; };
		61D9267D169FEDD9004A856D /* SourceVO.h */ = {isa = PBXFileReference; fileEncoding = 4; lastKnownFileType = sourcecode.c.h; path = SourceVO.h; sourceTree = "<group>"; };
		61D9267E169FEDD9004A856D /* SourceVO.m */ = {isa = PBXFileReference; fileEncoding = 4; lastKnownFileType = sourcecode.c.objc; path = SourceVO.m; sourceTree = "<group>"; };
		61D9268016A01586004A856D /* DataCell.h */ = {isa = PBXFileReference; fileEncoding = 4; lastKnownFileType = sourcecode.c.h; path = DataCell.h; sourceTree = "<group>"; };
		61D9268116A01586004A856D /* DataCell.m */ = {isa = PBXFileReference; fileEncoding = 4; lastKnownFileType = sourcecode.c.objc; path = DataCell.m; sourceTree = "<group>"; };
		FB9ABA2F169C247200CE14F4 /* BatchQueryBuilderDemo.app */ = {isa = PBXFileReference; explicitFileType = wrapper.application; includeInIndex = 0; path = BatchQueryBuilderDemo.app; sourceTree = BUILT_PRODUCTS_DIR; };
		FB9ABA33169C247200CE14F4 /* UIKit.framework */ = {isa = PBXFileReference; lastKnownFileType = wrapper.framework; name = UIKit.framework; path = System/Library/Frameworks/UIKit.framework; sourceTree = SDKROOT; };
		FB9ABA35169C247200CE14F4 /* Foundation.framework */ = {isa = PBXFileReference; lastKnownFileType = wrapper.framework; name = Foundation.framework; path = System/Library/Frameworks/Foundation.framework; sourceTree = SDKROOT; };
		FB9ABA37169C247200CE14F4 /* CoreGraphics.framework */ = {isa = PBXFileReference; lastKnownFileType = wrapper.framework; name = CoreGraphics.framework; path = System/Library/Frameworks/CoreGraphics.framework; sourceTree = SDKROOT; };
		FB9ABA3B169C247200CE14F4 /* BatchQueryBuilderDemo-Info.plist */ = {isa = PBXFileReference; lastKnownFileType = text.plist.xml; path = "BatchQueryBuilderDemo-Info.plist"; sourceTree = "<group>"; };
		FB9ABA3D169C247200CE14F4 /* en */ = {isa = PBXFileReference; lastKnownFileType = text.plist.strings; name = en; path = en.lproj/InfoPlist.strings; sourceTree = "<group>"; };
		FB9ABA3F169C247200CE14F4 /* main.m */ = {isa = PBXFileReference; lastKnownFileType = sourcecode.c.objc; path = main.m; sourceTree = "<group>"; };
		FB9ABA41169C247200CE14F4 /* BatchQueryBuilderDemo-Prefix.pch */ = {isa = PBXFileReference; lastKnownFileType = sourcecode.c.h; path = "BatchQueryBuilderDemo-Prefix.pch"; sourceTree = "<group>"; };
		FB9ABA42169C247200CE14F4 /* DemoAppAppDelegate.h */ = {isa = PBXFileReference; lastKnownFileType = sourcecode.c.h; path = DemoAppAppDelegate.h; sourceTree = "<group>"; };
		FB9ABA43169C247200CE14F4 /* DemoAppAppDelegate.m */ = {isa = PBXFileReference; lastKnownFileType = sourcecode.c.objc; path = DemoAppAppDelegate.m; sourceTree = "<group>"; };
		FB9ABA45169C247200CE14F4 /* Default.png */ = {isa = PBXFileReference; lastKnownFileType = image.png; path = Default.png; sourceTree = "<group>"; };
		FB9ABA47169C247200CE14F4 /* Default@2x.png */ = {isa = PBXFileReference; lastKnownFileType = image.png; path = "Default@2x.png"; sourceTree = "<group>"; };
		FB9ABA49169C247200CE14F4 /* Default-568h@2x.png */ = {isa = PBXFileReference; lastKnownFileType = image.png; path = "Default-568h@2x.png"; sourceTree = "<group>"; };
		FB9ABA4B169C247200CE14F4 /* DemoAppViewController.h */ = {isa = PBXFileReference; lastKnownFileType = sourcecode.c.h; path = DemoAppViewController.h; sourceTree = "<group>"; };
		FB9ABA4C169C247200CE14F4 /* DemoAppViewController.m */ = {isa = PBXFileReference; lastKnownFileType = sourcecode.c.objc; path = DemoAppViewController.m; sourceTree = "<group>"; };
		FB9ABA4F169C247200CE14F4 /* en */ = {isa = PBXFileReference; lastKnownFileType = file.xib; name = en; path = en.lproj/DemoAppViewController.xib; sourceTree = "<group>"; };
		FB9ABA56169C32C000CE14F4 /* CanvasView.h */ = {isa = PBXFileReference; fileEncoding = 4; lastKnownFileType = sourcecode.c.h; path = CanvasView.h; sourceTree = "<group>"; };
		FB9ABA57169C32C000CE14F4 /* CanvasView.m */ = {isa = PBXFileReference; fileEncoding = 4; lastKnownFileType = sourcecode.c.objc; path = CanvasView.m; sourceTree = "<group>"; };
		FB9ABA59169C35F600CE14F4 /* SourcesTable.h */ = {isa = PBXFileReference; fileEncoding = 4; lastKnownFileType = sourcecode.c.h; path = SourcesTable.h; sourceTree = "<group>"; };
		FB9ABA5A169C35F600CE14F4 /* SourcesTable.m */ = {isa = PBXFileReference; fileEncoding = 4; lastKnownFileType = sourcecode.c.objc; path = SourcesTable.m; sourceTree = "<group>"; };
		FB9ABA5B169C35F600CE14F4 /* SourcesTable.xib */ = {isa = PBXFileReference; fileEncoding = 4; lastKnownFileType = file.xib; path = SourcesTable.xib; sourceTree = "<group>"; };
		FB9ABA5E169C362000CE14F4 /* FieldsTable.h */ = {isa = PBXFileReference; fileEncoding = 4; lastKnownFileType = sourcecode.c.h; path = FieldsTable.h; sourceTree = "<group>"; };
		FB9ABA5F169C362000CE14F4 /* FieldsTable.m */ = {isa = PBXFileReference; fileEncoding = 4; lastKnownFileType = sourcecode.c.objc; path = FieldsTable.m; sourceTree = "<group>"; };
		FB9ABA60169C362000CE14F4 /* FieldsTable.xib */ = {isa = PBXFileReference; fileEncoding = 4; lastKnownFileType = file.xib; path = FieldsTable.xib; sourceTree = "<group>"; };
		FBB1BBE0169D620500AFFAE7 /* LineVO.h */ = {isa = PBXFileReference; fileEncoding = 4; lastKnownFileType = sourcecode.c.h; path = LineVO.h; sourceTree = "<group>"; };
		FBB1BBE1169D620500AFFAE7 /* LineVO.m */ = {isa = PBXFileReference; fileEncoding = 4; lastKnownFileType = sourcecode.c.objc; path = LineVO.m; sourceTree = "<group>"; };
		FBB1BC2316A4324000AFFAE7 /* round_delete.png */ = {isa = PBXFileReference; lastKnownFileType = image.png; path = round_delete.png; sourceTree = "<group>"; };
		FBB1BC2D16A43B1D00AFFAE7 /* QuartzCore.framework */ = {isa = PBXFileReference; lastKnownFileType = wrapper.framework; name = QuartzCore.framework; path = System/Library/Frameworks/QuartzCore.framework; sourceTree = SDKROOT; };
/* End PBXFileReference section */

/* Begin PBXFrameworksBuildPhase section */
		FB9ABA2C169C247200CE14F4 /* Frameworks */ = {
			isa = PBXFrameworksBuildPhase;
			buildActionMask = 2147483647;
			files = (
				FBB1BC2E16A43B1D00AFFAE7 /* QuartzCore.framework in Frameworks */,
				FB9ABA34169C247200CE14F4 /* UIKit.framework in Frameworks */,
				FB9ABA36169C247200CE14F4 /* Foundation.framework in Frameworks */,
				FB9ABA38169C247200CE14F4 /* CoreGraphics.framework in Frameworks */,
			);
			runOnlyForDeploymentPostprocessing = 0;
		};
/* End PBXFrameworksBuildPhase section */

/* Begin PBXGroup section */
		FB9ABA24169C247200CE14F4 = {
			isa = PBXGroup;
			children = (
				61D9267D169FEDD9004A856D /* SourceVO.h */,
				61D9267E169FEDD9004A856D /* SourceVO.m */,
				61D92679169FEB84004A856D /* FieldVO.h */,
				61D9267A169FEB84004A856D /* FieldVO.m */,
				61D9266D169DA516004A856D /* ConnectionVO.h */,
				61D9266E169DA516004A856D /* ConnectionVO.m */,
				FBB1BBE0169D620500AFFAE7 /* LineVO.h */,
				FBB1BBE1169D620500AFFAE7 /* LineVO.m */,
				FB9ABA39169C247200CE14F4 /* BatchQueryBuilderDemo */,
				FB9ABA32169C247200CE14F4 /* Frameworks */,
				FB9ABA30169C247200CE14F4 /* Products */,
			);
			sourceTree = "<group>";
		};
		FB9ABA30169C247200CE14F4 /* Products */ = {
			isa = PBXGroup;
			children = (
				FB9ABA2F169C247200CE14F4 /* BatchQueryBuilderDemo.app */,
			);
			name = Products;
			sourceTree = "<group>";
		};
		FB9ABA32169C247200CE14F4 /* Frameworks */ = {
			isa = PBXGroup;
			children = (
				FBB1BC2D16A43B1D00AFFAE7 /* QuartzCore.framework */,
				FB9ABA33169C247200CE14F4 /* UIKit.framework */,
				FB9ABA35169C247200CE14F4 /* Foundation.framework */,
				FB9ABA37169C247200CE14F4 /* CoreGraphics.framework */,
			);
			name = Frameworks;
			sourceTree = "<group>";
		};
		FB9ABA39169C247200CE14F4 /* BatchQueryBuilderDemo */ = {
			isa = PBXGroup;
			children = (
				FB9ABA42169C247200CE14F4 /* DemoAppAppDelegate.h */,
				FB9ABA43169C247200CE14F4 /* DemoAppAppDelegate.m */,
				FB9ABA4B169C247200CE14F4 /* DemoAppViewController.h */,
				FB9ABA4C169C247200CE14F4 /* DemoAppViewController.m */,
				FB9ABA4E169C247200CE14F4 /* DemoAppViewController.xib */,
				FB9ABA3A169C247200CE14F4 /* Supporting Files */,
				FB9ABA56169C32C000CE14F4 /* CanvasView.h */,
				FB9ABA57169C32C000CE14F4 /* CanvasView.m */,
				FB9ABA59169C35F600CE14F4 /* SourcesTable.h */,
				FB9ABA5A169C35F600CE14F4 /* SourcesTable.m */,
				FB9ABA5B169C35F600CE14F4 /* SourcesTable.xib */,
				FB9ABA5E169C362000CE14F4 /* FieldsTable.h */,
				FB9ABA5F169C362000CE14F4 /* FieldsTable.m */,
				FB9ABA60169C362000CE14F4 /* FieldsTable.xib */,
				61D9268016A01586004A856D /* DataCell.h */,
				61D9268116A01586004A856D /* DataCell.m */,
			);
			path = BatchQueryBuilderDemo;
			sourceTree = "<group>";
		};
		FB9ABA3A169C247200CE14F4 /* Supporting Files */ = {
			isa = PBXGroup;
			children = (
				FBB1BC2316A4324000AFFAE7 /* round_delete.png */,
				FB9ABA3B169C247200CE14F4 /* BatchQueryBuilderDemo-Info.plist */,
				FB9ABA3C169C247200CE14F4 /* InfoPlist.strings */,
				FB9ABA3F169C247200CE14F4 /* main.m */,
				FB9ABA41169C247200CE14F4 /* BatchQueryBuilderDemo-Prefix.pch */,
				FB9ABA45169C247200CE14F4 /* Default.png */,
				FB9ABA47169C247200CE14F4 /* Default@2x.png */,
				FB9ABA49169C247200CE14F4 /* Default-568h@2x.png */,
			);
			name = "Supporting Files";
			sourceTree = "<group>";
		};
/* End PBXGroup section */

/* Begin PBXNativeTarget section */
		FB9ABA2E169C247200CE14F4 /* BatchQueryBuilderDemo */ = {
			isa = PBXNativeTarget;
			buildConfigurationList = FB9ABA53169C247200CE14F4 /* Build configuration list for PBXNativeTarget "BatchQueryBuilderDemo" */;
			buildPhases = (
				FB9ABA2B169C247200CE14F4 /* Sources */,
				FB9ABA2C169C247200CE14F4 /* Frameworks */,
				FB9ABA2D169C247200CE14F4 /* Resources */,
			);
			buildRules = (
			);
			dependencies = (
			);
			name = BatchQueryBuilderDemo;
			productName = BatchQueryBuilderDemo;
			productReference = FB9ABA2F169C247200CE14F4 /* BatchQueryBuilderDemo.app */;
			productType = "com.apple.product-type.application";
		};
/* End PBXNativeTarget section */

/* Begin PBXProject section */
		FB9ABA26169C247200CE14F4 /* Project object */ = {
			isa = PBXProject;
			attributes = {
				CLASSPREFIX = DemoApp;
				LastUpgradeCheck = 0450;
				ORGANIZATIONNAME = "Prateek Pradhan";
			};
			buildConfigurationList = FB9ABA29169C247200CE14F4 /* Build configuration list for PBXProject "BatchQueryBuilderDemo" */;
			compatibilityVersion = "Xcode 3.2";
			developmentRegion = English;
			hasScannedForEncodings = 0;
			knownRegions = (
				en,
			);
			mainGroup = FB9ABA24169C247200CE14F4;
			productRefGroup = FB9ABA30169C247200CE14F4 /* Products */;
			projectDirPath = "";
			projectRoot = "";
			targets = (
				FB9ABA2E169C247200CE14F4 /* BatchQueryBuilderDemo */,
			);
		};
/* End PBXProject section */

/* Begin PBXResourcesBuildPhase section */
		FB9ABA2D169C247200CE14F4 /* Resources */ = {
			isa = PBXResourcesBuildPhase;
			buildActionMask = 2147483647;
			files = (
				FB9ABA3E169C247200CE14F4 /* InfoPlist.strings in Resources */,
				FB9ABA46169C247200CE14F4 /* Default.png in Resources */,
				FB9ABA48169C247200CE14F4 /* Default@2x.png in Resources */,
				FB9ABA4A169C247200CE14F4 /* Default-568h@2x.png in Resources */,
				FB9ABA50169C247200CE14F4 /* DemoAppViewController.xib in Resources */,
				FB9ABA5D169C35F600CE14F4 /* SourcesTable.xib in Resources */,
				FB9ABA62169C362100CE14F4 /* FieldsTable.xib in Resources */,
				FBB1BC2416A4324100AFFAE7 /* round_delete.png in Resources */,
			);
			runOnlyForDeploymentPostprocessing = 0;
		};
/* End PBXResourcesBuildPhase section */

/* Begin PBXSourcesBuildPhase section */
		FB9ABA2B169C247200CE14F4 /* Sources */ = {
			isa = PBXSourcesBuildPhase;
			buildActionMask = 2147483647;
			files = (
				FB9ABA40169C247200CE14F4 /* main.m in Sources */,
				FB9ABA44169C247200CE14F4 /* DemoAppAppDelegate.m in Sources */,
				FB9ABA4D169C247200CE14F4 /* DemoAppViewController.m in Sources */,
				FB9ABA58169C32C000CE14F4 /* CanvasView.m in Sources */,
				FB9ABA5C169C35F600CE14F4 /* SourcesTable.m in Sources */,
				FB9ABA61169C362100CE14F4 /* FieldsTable.m in Sources */,
				FBB1BBE2169D620500AFFAE7 /* LineVO.m in Sources */,
				61D9266F169DA516004A856D /* ConnectionVO.m in Sources */,
				61D9267B169FEB85004A856D /* FieldVO.m in Sources */,
				61D9267F169FEDD9004A856D /* SourceVO.m in Sources */,
				61D9268216A01587004A856D /* DataCell.m in Sources */,
			);
			runOnlyForDeploymentPostprocessing = 0;
		};
/* End PBXSourcesBuildPhase section */

/* Begin PBXVariantGroup section */
		FB9ABA3C169C247200CE14F4 /* InfoPlist.strings */ = {
			isa = PBXVariantGroup;
			children = (
				FB9ABA3D169C247200CE14F4 /* en */,
			);
			name = InfoPlist.strings;
			sourceTree = "<group>";
		};
		FB9ABA4E169C247200CE14F4 /* DemoAppViewController.xib */ = {
			isa = PBXVariantGroup;
			children = (
				FB9ABA4F169C247200CE14F4 /* en */,
			);
			name = DemoAppViewController.xib;
			sourceTree = "<group>";
		};
/* End PBXVariantGroup section */

/* Begin XCBuildConfiguration section */
		FB9ABA51169C247200CE14F4 /* Debug */ = {
			isa = XCBuildConfiguration;
			buildSettings = {
				ALWAYS_SEARCH_USER_PATHS = NO;
				CLANG_CXX_LANGUAGE_STANDARD = "gnu++0x";
				CLANG_CXX_LIBRARY = "libc++";
				CLANG_ENABLE_OBJC_ARC = YES;
				CLANG_WARN_EMPTY_BODY = YES;
				CLANG_WARN__DUPLICATE_METHOD_MATCH = YES;
				"CODE_SIGN_IDENTITY[sdk=iphoneos*]" = "iPhone Developer";
				COPY_PHASE_STRIP = NO;
				GCC_C_LANGUAGE_STANDARD = gnu99;
				GCC_DYNAMIC_NO_PIC = NO;
				GCC_OPTIMIZATION_LEVEL = 0;
				GCC_PREPROCESSOR_DEFINITIONS = (
					"DEBUG=1",
					"$(inherited)",
				);
				GCC_SYMBOLS_PRIVATE_EXTERN = NO;
				GCC_WARN_ABOUT_RETURN_TYPE = YES;
				GCC_WARN_UNINITIALIZED_AUTOS = YES;
				GCC_WARN_UNUSED_VARIABLE = YES;
				IPHONEOS_DEPLOYMENT_TARGET = 6.0;
				ONLY_ACTIVE_ARCH = YES;
				SDKROOT = iphoneos;
				TARGETED_DEVICE_FAMILY = 2;
			};
			name = Debug;
		};
		FB9ABA52169C247200CE14F4 /* Release */ = {
			isa = XCBuildConfiguration;
			buildSettings = {
				ALWAYS_SEARCH_USER_PATHS = NO;
				CLANG_CXX_LANGUAGE_STANDARD = "gnu++0x";
				CLANG_CXX_LIBRARY = "libc++";
				CLANG_ENABLE_OBJC_ARC = YES;
				CLANG_WARN_EMPTY_BODY = YES;
				CLANG_WARN__DUPLICATE_METHOD_MATCH = YES;
				"CODE_SIGN_IDENTITY[sdk=iphoneos*]" = "iPhone Developer";
				COPY_PHASE_STRIP = YES;
				GCC_C_LANGUAGE_STANDARD = gnu99;
				GCC_WARN_ABOUT_RETURN_TYPE = YES;
				GCC_WARN_UNINITIALIZED_AUTOS = YES;
				GCC_WARN_UNUSED_VARIABLE = YES;
				IPHONEOS_DEPLOYMENT_TARGET = 6.0;
				OTHER_CFLAGS = "-DNS_BLOCK_ASSERTIONS=1";
				SDKROOT = iphoneos;
				TARGETED_DEVICE_FAMILY = 2;
				VALIDATE_PRODUCT = YES;
			};
			name = Release;
		};
		FB9ABA54169C247200CE14F4 /* Debug */ = {
			isa = XCBuildConfiguration;
			buildSettings = {
				GCC_PRECOMPILE_PREFIX_HEADER = YES;
				GCC_PREFIX_HEADER = "BatchQueryBuilderDemo/BatchQueryBuilderDemo-Prefix.pch";
				INFOPLIST_FILE = "BatchQueryBuilderDemo/BatchQueryBuilderDemo-Info.plist";
				IPHONEOS_DEPLOYMENT_TARGET = 4.3;
				PRODUCT_NAME = "$(TARGET_NAME)";
				WRAPPER_EXTENSION = app;
			};
			name = Debug;
		};
		FB9ABA55169C247200CE14F4 /* Release */ = {
			isa = XCBuildConfiguration;
			buildSettings = {
				GCC_PRECOMPILE_PREFIX_HEADER = YES;
				GCC_PREFIX_HEADER = "BatchQueryBuilderDemo/BatchQueryBuilderDemo-Prefix.pch";
				INFOPLIST_FILE = "BatchQueryBuilderDemo/BatchQueryBuilderDemo-Info.plist";
				IPHONEOS_DEPLOYMENT_TARGET = 4.3;
				PRODUCT_NAME = "$(TARGET_NAME)";
				WRAPPER_EXTENSION = app;
			};
			name = Release;
		};
/* End XCBuildConfiguration section */

/* Begin XCConfigurationList section */
		FB9ABA29169C247200CE14F4 /* Build configuration list for PBXProject "BatchQueryBuilderDemo" */ = {
			isa = XCConfigurationList;
			buildConfigurations = (
				FB9ABA51169C247200CE14F4 /* Debug */,
				FB9ABA52169C247200CE14F4 /* Release */,
			);
			defaultConfigurationIsVisible = 0;
			defaultConfigurationName = Release;
		};
		FB9ABA53169C247200CE14F4 /* Build configuration list for PBXNativeTarget "BatchQueryBuilderDemo" */ = {
			isa = XCConfigurationList;
			buildConfigurations = (
				FB9ABA54169C247200CE14F4 /* Debug */,
				FB9ABA55169C247200CE14F4 /* Release */,
			);
			defaultConfigurationIsVisible = 0;
			defaultConfigurationName = Release;
		};
/* End XCConfigurationList section */
	};
	rootObject = FB9ABA26169C247200CE14F4 /* Project object */;
}
